PODS:
  - GoogleMaps (7.2.0):
    - GoogleMaps/Maps (= 7.2.0)
  - GoogleMaps/Base (7.2.0)
  - GoogleMaps/Maps (7.2.0):
    - GoogleMaps/Base
  - GooglePlaces (7.2.0)
  - SwiftGen (6.6.2)
  - SwiftLint (0.52.3)

DEPENDENCIES:
  - GoogleMaps
  - GooglePlaces
  - SwiftGen
  - SwiftLint

SPEC REPOS:
  trunk:
    - GoogleMaps
    - GooglePlaces
    - SwiftGen
    - SwiftLint

SPEC CHECKSUMS:
  GoogleMaps: 65ce5426e2398bb81433c8076f2ab6419c2c5537
  GooglePlaces: 590dea495d69431454ea92217033c3184995165d
  SwiftGen: 1366a7f71aeef49954ca5a63ba4bef6b0f24138c
  SwiftLint: 76ec9c62ad369cff2937474cb34c9af3fa270b7b

PODFILE CHECKSUM: 7e84d28eb66b5e0ce9faec98cc0e93ce53366b87

COCOAPODS: 1.11.3
