// !$*UTF8*$!
{
	archiveVersion = 1;
	classes = {
	};
	objectVersion = 56;
	objects = {

/* Begin PBXBuildFile section */
		8456A1822A653F9A009C6332 /* AcceleratorCICDApp.swift in Sources */ = {isa = PBXBuildFile; fileRef = 8456A1812A653F9A009C6332 /* AcceleratorCICDApp.swift */; };
		8456A1842A653F9A009C6332 /* ContentView.swift in Sources */ = {isa = PBXBuildFile; fileRef = 8456A1832A653F9A009C6332 /* ContentView.swift */; };
		8456A1862A653F9D009C6332 /* Assets.xcassets in Resources */ = {isa = PBXBuildFile; fileRef = 8456A1852A653F9D009C6332 /* Assets.xcassets */; };
		8456A1892A653F9D009C6332 /* Preview Assets.xcassets in Resources */ = {isa = PBXBuildFile; fileRef = 8456A1882A653F9D009C6332 /* Preview Assets.xcassets */; };
		8456A1982A6560CD009C6332 /* AcceleratorCICDTests.swift in Sources */ = {isa = PBXBuildFile; fileRef = 8456A1972A6560CD009C6332 /* AcceleratorCICDTests.swift */; };
		8456A19F2A657938009C6332 /* StringUtils.swift in Sources */ = {isa = PBXBuildFile; fileRef = 8456A19E2A657938009C6332 /* StringUtils.swift */; };
/* End PBXBuildFile section */

/* Begin PBXContainerItemProxy section */
		8456A1992A6560CD009C6332 /* PBXContainerItemProxy */ = {
			isa = PBXContainerItemProxy;
			containerPortal = 8456A1762A653F9A009C6332 /* Project object */;
			proxyType = 1;
			remoteGlobalIDString = 8456A17D2A653F9A009C6332;
			remoteInfo = AcceleratorCICD;
		};
/* End PBXContainerItemProxy section */

/* Begin PBXFileReference section */
		8456A17E2A653F9A009C6332 /* AcceleratorCICD.app */ = {isa = PBXFileReference; explicitFileType = wrapper.application; includeInIndex = 0; path = AcceleratorCICD.app; sourceTree = BUILT_PRODUCTS_DIR; };
		8456A1812A653F9A009C6332 /* AcceleratorCICDApp.swift */ = {isa = PBXFileReference; lastKnownFileType = sourcecode.swift; path = AcceleratorCICDApp.swift; sourceTree = "<group>"; };
		8456A1832A653F9A009C6332 /* ContentView.swift */ = {isa = PBXFileReference; lastKnownFileType = sourcecode.swift; path = ContentView.swift; sourceTree = "<group>"; };
		8456A1852A653F9D009C6332 /* Assets.xcassets */ = {isa = PBXFileReference; lastKnownFileType = folder.assetcatalog; path = Assets.xcassets; sourceTree = "<group>"; };
		8456A1882A653F9D009C6332 /* Preview Assets.xcassets */ = {isa = PBXFileReference; lastKnownFileType = folder.assetcatalog; path = "Preview Assets.xcassets"; sourceTree = "<group>"; };
		8456A1952A6560CD009C6332 /* AcceleratorCICDTests.xctest */ = {isa = PBXFileReference; explicitFileType = wrapper.cfbundle; includeInIndex = 0; path = AcceleratorCICDTests.xctest; sourceTree = BUILT_PRODUCTS_DIR; };
		8456A1972A6560CD009C6332 /* AcceleratorCICDTests.swift */ = {isa = PBXFileReference; lastKnownFileType = sourcecode.swift; path = AcceleratorCICDTests.swift; sourceTree = "<group>"; };
		8456A19E2A657938009C6332 /* StringUtils.swift */ = {isa = PBXFileReference; lastKnownFileType = sourcecode.swift; path = StringUtils.swift; sourceTree = "<group>"; };
/* End PBXFileReference section */

/* Begin PBXFrameworksBuildPhase section */
		8456A17B2A653F9A009C6332 /* Frameworks */ = {
			isa = PBXFrameworksBuildPhase;
			buildActionMask = 2147483647;
			files = (
			);
			runOnlyForDeploymentPostprocessing = 0;
		};
		8456A1922A6560CD009C6332 /* Frameworks */ = {
			isa = PBXFrameworksBuildPhase;
			buildActionMask = 2147483647;
			files = (
			);
			runOnlyForDeploymentPostprocessing = 0;
		};
/* End PBXFrameworksBuildPhase section */

/* Begin PBXGroup section */
		8456A1752A653F9A009C6332 = {
			isa = PBXGroup;
			children = (
				8456A1802A653F9A009C6332 /* AcceleratorCICD */,
				8456A1962A6560CD009C6332 /* AcceleratorCICDTests */,
				8456A17F2A653F9A009C6332 /* Products */,
			);
			sourceTree = "<group>";
		};
		8456A17F2A653F9A009C6332 /* Products */ = {
			isa = PBXGroup;
			children = (
				8456A17E2A653F9A009C6332 /* AcceleratorCICD.app */,
				8456A1952A6560CD009C6332 /* AcceleratorCICDTests.xctest */,
			);
			name = Products;
			sourceTree = "<group>";
		};
		8456A1802A653F9A009C6332 /* AcceleratorCICD */ = {
			isa = PBXGroup;
			children = (
				8456A1812A653F9A009C6332 /* AcceleratorCICDApp.swift */,
				8456A1832A653F9A009C6332 /* ContentView.swift */,
				8456A1852A653F9D009C6332 /* Assets.xcassets */,
				8456A1872A653F9D009C6332 /* Preview Content */,
				8456A19E2A657938009C6332 /* StringUtils.swift */,
			);
			path = AcceleratorCICD;
			sourceTree = "<group>";
		};
		8456A1872A653F9D009C6332 /* Preview Content */ = {
			isa = PBXGroup;
			children = (
				8456A1882A653F9D009C6332 /* Preview Assets.xcassets */,
			);
			path = "Preview Content";
			sourceTree = "<group>";
		};
		8456A1962A6560CD009C6332 /* AcceleratorCICDTests */ = {
			isa = PBXGroup;
			children = (
				8456A1972A6560CD009C6332 /* AcceleratorCICDTests.swift */,
			);
			path = AcceleratorCICDTests;
			sourceTree = "<group>";
		};
/* End PBXGroup section */

/* Begin PBXNativeTarget section */
		8456A17D2A653F9A009C6332 /* AcceleratorCICD */ = {
			isa = PBXNativeTarget;
			buildConfigurationList = 8456A18C2A653F9D009C6332 /* Build configuration list for PBXNativeTarget "AcceleratorCICD" */;
			buildPhases = (
				8456A17A2A653F9A009C6332 /* Sources */,
				8456A17B2A653F9A009C6332 /* Frameworks */,
				8456A17C2A653F9A009C6332 /* Resources */,
			);
			buildRules = (
			);
			dependencies = (
			);
			name = AcceleratorCICD;
			productName = AcceleratorCICD;
			productReference = 8456A17E2A653F9A009C6332 /* AcceleratorCICD.app */;
			productType = "com.apple.product-type.application";
		};
		8456A1942A6560CD009C6332 /* AcceleratorCICDTests */ = {
			isa = PBXNativeTarget;
			buildConfigurationList = 8456A19B2A6560CD009C6332 /* Build configuration list for PBXNativeTarget "AcceleratorCICDTests" */;
			buildPhases = (
				8456A1912A6560CD009C6332 /* Sources */,
				8456A1922A6560CD009C6332 /* Frameworks */,
				8456A1932A6560CD009C6332 /* Resources */,
			);
			buildRules = (
			);
			dependencies = (
				8456A19A2A6560CD009C6332 /* PBXTargetDependency */,
			);
			name = AcceleratorCICDTests;
			productName = AcceleratorCICDTests;
			productReference = 8456A1952A6560CD009C6332 /* AcceleratorCICDTests.xctest */;
			productType = "com.apple.product-type.bundle.unit-test";
		};
/* End PBXNativeTarget section */

/* Begin PBXProject section */
		8456A1762A653F9A009C6332 /* Project object */ = {
			isa = PBXProject;
			attributes = {
				BuildIndependentTargetsInParallel = 1;
				LastSwiftUpdateCheck = 1420;
				LastUpgradeCheck = 1420;
				TargetAttributes = {
					8456A17D2A653F9A009C6332 = {
						CreatedOnToolsVersion = 14.2;
					};
					8456A1942A6560CD009C6332 = {
						CreatedOnToolsVersion = 14.2;
						TestTargetID = 8456A17D2A653F9A009C6332;
					};
				};
			};
			buildConfigurationList = 8456A1792A653F9A009C6332 /* Build configuration list for PBXProject "AcceleratorCICD" */;
			compatibilityVersion = "Xcode 14.0";
			developmentRegion = en;
			hasScannedForEncodings = 0;
			knownRegions = (
				en,
				Base,
			);
			mainGroup = 8456A1752A653F9A009C6332;
			productRefGroup = 8456A17F2A653F9A009C6332 /* Products */;
			projectDirPath = "";
			projectRoot = "";
			targets = (
				8456A17D2A653F9A009C6332 /* AcceleratorCICD */,
				8456A1942A6560CD009C6332 /* AcceleratorCICDTests */,
			);
		};
/* End PBXProject section */

/* Begin PBXResourcesBuildPhase section */
		8456A17C2A653F9A009C6332 /* Resources */ = {
			isa = PBXResourcesBuildPhase;
			buildActionMask = 2147483647;
			files = (
				8456A1892A653F9D009C6332 /* Preview Assets.xcassets in Resources */,
				8456A1862A653F9D009C6332 /* Assets.xcassets in Resources */,
			);
			runOnlyForDeploymentPostprocessing = 0;
		};
		8456A1932A6560CD009C6332 /* Resources */ = {
			isa = PBXResourcesBuildPhase;
			buildActionMask = 2147483647;
			files = (
			);
			runOnlyForDeploymentPostprocessing = 0;
		};
/* End PBXResourcesBuildPhase section */

/* Begin PBXSourcesBuildPhase section */
		8456A17A2A653F9A009C6332 /* Sources */ = {
			isa = PBXSourcesBuildPhase;
			buildActionMask = 2147483647;
			files = (
				8456A19F2A657938009C6332 /* StringUtils.swift in Sources */,
				8456A1842A653F9A009C6332 /* ContentView.swift in Sources */,
				8456A1822A653F9A009C6332 /* AcceleratorCICDApp.swift in Sources */,
			);
			runOnlyForDeploymentPostprocessing = 0;
		};
		8456A1912A6560CD009C6332 /* Sources */ = {
			isa = PBXSourcesBuildPhase;
			buildActionMask = 2147483647;
			files = (
				8456A1982A6560CD009C6332 /* AcceleratorCICDTests.swift in Sources */,
			);
			runOnlyForDeploymentPostprocessing = 0;
		};
/* End PBXSourcesBuildPhase section */

/* Begin PBXTargetDependency section */
		8456A19A2A6560CD009C6332 /* PBXTargetDependency */ = {
			isa = PBXTargetDependency;
			target = 8456A17D2A653F9A009C6332 /* AcceleratorCICD */;
			targetProxy = 8456A1992A6560CD009C6332 /* PBXContainerItemProxy */;
		};
/* End PBXTargetDependency section */

/* Begin XCBuildConfiguration section */
		8456A18A2A653F9D009C6332 /* Debug */ = {
			isa = XCBuildConfiguration;
			buildSettings = {
				ALWAYS_SEARCH_USER_PATHS = NO;
				CLANG_ANALYZER_NONNULL = YES;
				CLANG_ANALYZER_NUMBER_OBJECT_CONVERSION = YES_AGGRESSIVE;
				CLANG_CXX_LANGUAGE_STANDARD = "gnu++20";
				CLANG_ENABLE_MODULES = YES;
				CLANG_ENABLE_OBJC_ARC = YES;
				CLANG_ENABLE_OBJC_WEAK = YES;
				CLANG_WARN_BLOCK_CAPTURE_AUTORELEASING = YES;
				CLANG_WARN_BOOL_CONVERSION = YES;
				CLANG_WARN_COMMA = YES;
				CLANG_WARN_CONSTANT_CONVERSION = YES;
				CLANG_WARN_DEPRECATED_OBJC_IMPLEMENTATIONS = YES;
				CLANG_WARN_DIRECT_OBJC_ISA_USAGE = YES_ERROR;
				CLANG_WARN_DOCUMENTATION_COMMENTS = YES;
				CLANG_WARN_EMPTY_BODY = YES;
				CLANG_WARN_ENUM_CONVERSION = YES;
				CLANG_WARN_INFINITE_RECURSION = YES;
				CLANG_WARN_INT_CONVERSION = YES;
				CLANG_WARN_NON_LITERAL_NULL_CONVERSION = YES;
				CLANG_WARN_OBJC_IMPLICIT_RETAIN_SELF = YES;
				CLANG_WARN_OBJC_LITERAL_CONVERSION = YES;
				CLANG_WARN_OBJC_ROOT_CLASS = YES_ERROR;
				CLANG_WARN_QUOTED_INCLUDE_IN_FRAMEWORK_HEADER = YES;
				CLANG_WARN_RANGE_LOOP_ANALYSIS = YES;
				CLANG_WARN_STRICT_PROTOTYPES = YES;
				CLANG_WARN_SUSPICIOUS_MOVE = YES;
				CLANG_WARN_UNGUARDED_AVAILABILITY = YES_AGGRESSIVE;
				CLANG_WARN_UNREACHABLE_CODE = YES;
				CLANG_WARN__DUPLICATE_METHOD_MATCH = YES;
				COPY_PHASE_STRIP = NO;
				DEBUG_INFORMATION_FORMAT = dwarf;
				ENABLE_STRICT_OBJC_MSGSEND = YES;
				ENABLE_TESTABILITY = YES;
				GCC_C_LANGUAGE_STANDARD = gnu11;
				GCC_DYNAMIC_NO_PIC = NO;
				GCC_NO_COMMON_BLOCKS = YES;
				GCC_OPTIMIZATION_LEVEL = 0;
				GCC_PREPROCESSOR_DEFINITIONS = (
					"DEBUG=1",
					"$(inherited)",
				);
				GCC_WARN_64_TO_32_BIT_CONVERSION = YES;
				GCC_WARN_ABOUT_RETURN_TYPE = YES_ERROR;
				GCC_WARN_UNDECLARED_SELECTOR = YES;
				GCC_WARN_UNINITIALIZED_AUTOS = YES_AGGRESSIVE;
				GCC_WARN_UNUSED_FUNCTION = YES;
				GCC_WARN_UNUSED_VARIABLE = YES;
				IPHONEOS_DEPLOYMENT_TARGET = 16.2;
				MTL_ENABLE_DEBUG_INFO = INCLUDE_SOURCE;
				MTL_FAST_MATH = YES;
				ONLY_ACTIVE_ARCH = YES;
				SDKROOT = iphoneos;
				SWIFT_ACTIVE_COMPILATION_CONDITIONS = DEBUG;
				SWIFT_OPTIMIZATION_LEVEL = "-Onone";
			};
			name = Debug;
		};
		8456A18B2A653F9D009C6332 /* Release */ = {
			isa = XCBuildConfiguration;
			buildSettings = {
				ALWAYS_SEARCH_USER_PATHS = NO;
				CLANG_ANALYZER_NONNULL = YES;
				CLANG_ANALYZER_NUMBER_OBJECT_CONVERSION = YES_AGGRESSIVE;
				CLANG_CXX_LANGUAGE_STANDARD = "gnu++20";
				CLANG_ENABLE_MODULES = YES;
				CLANG_ENABLE_OBJC_ARC = YES;
				CLANG_ENABLE_OBJC_WEAK = YES;
				CLANG_WARN_BLOCK_CAPTURE_AUTORELEASING = YES;
				CLANG_WARN_BOOL_CONVERSION = YES;
				CLANG_WARN_COMMA = YES;
				CLANG_WARN_CONSTANT_CONVERSION = YES;
				CLANG_WARN_DEPRECATED_OBJC_IMPLEMENTATIONS = YES;
				CLANG_WARN_DIRECT_OBJC_ISA_USAGE = YES_ERROR;
				CLANG_WARN_DOCUMENTATION_COMMENTS = YES;
				CLANG_WARN_EMPTY_BODY = YES;
				CLANG_WARN_ENUM_CONVERSION = YES;
				CLANG_WARN_INFINITE_RECURSION = YES;
				CLANG_WARN_INT_CONVERSION = YES;
				CLANG_WARN_NON_LITERAL_NULL_CONVERSION = YES;
				CLANG_WARN_OBJC_IMPLICIT_RETAIN_SELF = YES;
				CLANG_WARN_OBJC_LITERAL_CONVERSION = YES;
				CLANG_WARN_OBJC_ROOT_CLASS = YES_ERROR;
				CLANG_WARN_QUOTED_INCLUDE_IN_FRAMEWORK_HEADER = YES;
				CLANG_WARN_RANGE_LOOP_ANALYSIS = YES;
				CLANG_WARN_STRICT_PROTOTYPES = YES;
				CLANG_WARN_SUSPICIOUS_MOVE = YES;
				CLANG_WARN_UNGUARDED_AVAILABILITY = YES_AGGRESSIVE;
				CLANG_WARN_UNREACHABLE_CODE = YES;
				CLANG_WARN__DUPLICATE_METHOD_MATCH = YES;
				COPY_PHASE_STRIP = NO;
				DEBUG_INFORMATION_FORMAT = "dwarf-with-dsym";
				ENABLE_NS_ASSERTIONS = NO;
				ENABLE_STRICT_OBJC_MSGSEND = YES;
				GCC_C_LANGUAGE_STANDARD = gnu11;
				GCC_NO_COMMON_BLOCKS = YES;
				GCC_WARN_64_TO_32_BIT_CONVERSION = YES;
				GCC_WARN_ABOUT_RETURN_TYPE = YES_ERROR;
				GCC_WARN_UNDECLARED_SELECTOR = YES;
				GCC_WARN_UNINITIALIZED_AUTOS = YES_AGGRESSIVE;
				GCC_WARN_UNUSED_FUNCTION = YES;
				GCC_WARN_UNUSED_VARIABLE = YES;
				IPHONEOS_DEPLOYMENT_TARGET = 16.2;
				MTL_ENABLE_DEBUG_INFO = NO;
				MTL_FAST_MATH = YES;
				SDKROOT = iphoneos;
				SWIFT_COMPILATION_MODE = wholemodule;
				SWIFT_OPTIMIZATION_LEVEL = "-O";
				VALIDATE_PRODUCT = YES;
			};
			name = Release;
		};
		8456A18D2A653F9D009C6332 /* Debug */ = {
			isa = XCBuildConfiguration;
			buildSettings = {
				ASSETCATALOG_COMPILER_APPICON_NAME = AppIcon;
				ASSETCATALOG_COMPILER_GLOBAL_ACCENT_COLOR_NAME = AccentColor;
				"CODE_SIGN_IDENTITY[sdk=iphoneos*]" = "iPhone Developer";
				CODE_SIGN_STYLE = Manual;
				CURRENT_PROJECT_VERSION = 1;
				DEVELOPMENT_ASSET_PATHS = "\"AcceleratorCICD/Preview Content\"";
				DEVELOPMENT_TEAM = "";
				"DEVELOPMENT_TEAM[sdk=iphoneos*]" = 3FW2UCV5HA;
				ENABLE_PREVIEWS = YES;
				GENERATE_INFOPLIST_FILE = YES;
				INFOPLIST_KEY_UIApplicationSceneManifest_Generation = YES;
				INFOPLIST_KEY_UIApplicationSupportsIndirectInputEvents = YES;
				INFOPLIST_KEY_UILaunchScreen_Generation = YES;
				INFOPLIST_KEY_UISupportedInterfaceOrientations_iPad = "UIInterfaceOrientationPortrait UIInterfaceOrientationPortraitUpsideDown UIInterfaceOrientationLandscapeLeft UIInterfaceOrientationLandscapeRight";
				INFOPLIST_KEY_UISupportedInterfaceOrientations_iPhone = "UIInterfaceOrientationPortrait UIInterfaceOrientationLandscapeLeft UIInterfaceOrientationLandscapeRight";
				LD_RUNPATH_SEARCH_PATHS = (
					"$(inherited)",
					"@executable_path/Frameworks",
				);
				MARKETING_VERSION = 1.0;
				PRODUCT_BUNDLE_IDENTIFIER = com.stg.talkgpt;
				PRODUCT_NAME = "$(TARGET_NAME)";
				PROVISIONING_PROFILE_SPECIFIER = "";
				"PROVISIONING_PROFILE_SPECIFIER[sdk=iphoneos*]" = "TalkGPT dist";
				SWIFT_EMIT_LOC_STRINGS = YES;
				SWIFT_VERSION = 5.0;
				TARGETED_DEVICE_FAMILY = "1,2";
			};
			name = Debug;
		};
		8456A18E2A653F9D009C6332 /* Release */ = {
			isa = XCBuildConfiguration;
			buildSettings = {
				ASSETCATALOG_COMPILER_APPICON_NAME = AppIcon;
				ASSETCATALOG_COMPILER_GLOBAL_ACCENT_COLOR_NAME = AccentColor;
				"CODE_SIGN_IDENTITY[sdk=iphoneos*]" = "iPhone Developer";
				CODE_SIGN_STYLE = Manual;
				CURRENT_PROJECT_VERSION = 1;
				DEVELOPMENT_ASSET_PATHS = "\"AcceleratorCICD/Preview Content\"";
				DEVELOPMENT_TEAM = "";
				"DEVELOPMENT_TEAM[sdk=iphoneos*]" = 3FW2UCV5HA;
				ENABLE_PREVIEWS = YES;
				GENERATE_INFOPLIST_FILE = YES;
				INFOPLIST_KEY_UIApplicationSceneManifest_Generation = YES;
				INFOPLIST_KEY_UIApplicationSupportsIndirectInputEvents = YES;
				INFOPLIST_KEY_UILaunchScreen_Generation = YES;
				INFOPLIST_KEY_UISupportedInterfaceOrientations_iPad = "UIInterfaceOrientationPortrait UIInterfaceOrientationPortraitUpsideDown UIInterfaceOrientationLandscapeLeft UIInterfaceOrientationLandscapeRight";
				INFOPLIST_KEY_UISupportedInterfaceOrientations_iPhone = "UIInterfaceOrientationPortrait UIInterfaceOrientationLandscapeLeft UIInterfaceOrientationLandscapeRight";
				LD_RUNPATH_SEARCH_PATHS = (
					"$(inherited)",
					"@executable_path/Frameworks",
				);
				MARKETING_VERSION = 1.0;
				PRODUCT_BUNDLE_IDENTIFIER = com.stg.talkgpt;
				PRODUCT_NAME = "$(TARGET_NAME)";
				PROVISIONING_PROFILE_SPECIFIER = "";
				"PROVISIONING_PROFILE_SPECIFIER[sdk=iphoneos*]" = "TalkGPT dist";
				SWIFT_EMIT_LOC_STRINGS = YES;
				SWIFT_VERSION = 5.0;
				TARGETED_DEVICE_FAMILY = "1,2";
			};
			name = Release;
		};
		8456A19C2A6560CD009C6332 /* Debug */ = {
			isa = XCBuildConfiguration;
			buildSettings = {
				BUNDLE_LOADER = "$(TEST_HOST)";
				"CODE_SIGN_IDENTITY[sdk=iphoneos*]" = "iPhone Distribution";
				CODE_SIGN_STYLE = Manual;
				CURRENT_PROJECT_VERSION = 1;
				DEVELOPMENT_TEAM = "";
				"DEVELOPMENT_TEAM[sdk=iphoneos*]" = 3FW2UCV5HA;
				GENERATE_INFOPLIST_FILE = YES;
				MARKETING_VERSION = 1.0;
				PRODUCT_BUNDLE_IDENTIFIER = com.stg.talkgpt;
				PRODUCT_NAME = "$(TARGET_NAME)";
				PROVISIONING_PROFILE_SPECIFIER = "";
				"PROVISIONING_PROFILE_SPECIFIER[sdk=iphoneos*]" = ChatGPT;
				SWIFT_EMIT_LOC_STRINGS = NO;
				SWIFT_VERSION = 5.0;
				TARGETED_DEVICE_FAMILY = "1,2";
				TEST_HOST = "$(BUILT_PRODUCTS_DIR)/AcceleratorCICD.app/$(BUNDLE_EXECUTABLE_FOLDER_PATH)/AcceleratorCICD";
			};
			name = Debug;
		};
		8456A19D2A6560CD009C6332 /* Release */ = {
			isa = XCBuildConfiguration;
			buildSettings = {
				BUNDLE_LOADER = "$(TEST_HOST)";
				"CODE_SIGN_IDENTITY[sdk=iphoneos*]" = "iPhone Distribution";
				CODE_SIGN_STYLE = Manual;
				CURRENT_PROJECT_VERSION = 1;
				DEVELOPMENT_TEAM = "";
				"DEVELOPMENT_TEAM[sdk=iphoneos*]" = 3FW2UCV5HA;
				GENERATE_INFOPLIST_FILE = YES;
				MARKETING_VERSION = 1.0;
				PRODUCT_BUNDLE_IDENTIFIER = com.stg.talkgpt;
				PRODUCT_NAME = "$(TARGET_NAME)";
				PROVISIONING_PROFILE_SPECIFIER = "";
				"PROVISIONING_PROFILE_SPECIFIER[sdk=iphoneos*]" = ChatGPT;
				SWIFT_EMIT_LOC_STRINGS = NO;
				SWIFT_VERSION = 5.0;
				TARGETED_DEVICE_FAMILY = "1,2";
				TEST_HOST = "$(BUILT_PRODUCTS_DIR)/AcceleratorCICD.app/$(BUNDLE_EXECUTABLE_FOLDER_PATH)/AcceleratorCICD";
			};
			name = Release;
		};
/* End XCBuildConfiguration section */

/* Begin XCConfigurationList section */
		8456A1792A653F9A009C6332 /* Build configuration list for PBXProject "AcceleratorCICD" */ = {
			isa = XCConfigurationList;
			buildConfigurations = (
				8456A18A2A653F9D009C6332 /* Debug */,
				8456A18B2A653F9D009C6332 /* Release */,
			);
			defaultConfigurationIsVisible = 0;
			defaultConfigurationName = Release;
		};
		8456A18C2A653F9D009C6332 /* Build configuration list for PBXNativeTarget "AcceleratorCICD" */ = {
			isa = XCConfigurationList;
			buildConfigurations = (
				8456A18D2A653F9D009C6332 /* Debug */,
				8456A18E2A653F9D009C6332 /* Release */,
			);
			defaultConfigurationIsVisible = 0;
			defaultConfigurationName = Release;
		};
		8456A19B2A6560CD009C6332 /* Build configuration list for PBXNativeTarget "AcceleratorCICDTests" */ = {
			isa = XCConfigurationList;
			buildConfigurations = (
				8456A19C2A6560CD009C6332 /* Debug */,
				8456A19D2A6560CD009C6332 /* Release */,
			);
			defaultConfigurationIsVisible = 0;
			defaultConfigurationName = Release;
		};
/* End XCConfigurationList section */
	};
	rootObject = 8456A1762A653F9A009C6332 /* Project object */;
}
